importers:
  .:
    dependencies:
      '@teambit/base-ui.constants.storage': 0.1.5_react@16.13.1
      '@teambit/base-ui.css-components.roundness': 0.1.5_react@16.13.1
      '@teambit/base-ui.input.error': 0.1.5_react@16.13.1
      '@teambit/base-ui.layout.breakpoints': 0.1.5_react@16.13.1
      '@teambit/base-ui.layout.grid-component': 0.1.5_react@16.13.1
      '@teambit/base-ui.text.heading': 0.1.5_react@16.13.1
      '@teambit/base-ui.text.muted-text': 0.1.5_react@16.13.1
      '@teambit/base-ui.text.paragraph': 0.1.5_react@16.13.1
      '@teambit/base-ui.text.themed-text': 0.1.5_react@16.13.1
      '@teambit/base-ui.theme.colors': 0.1.5_react@16.13.1
      '@teambit/base-ui.theme.sizes': 0.1.5_react@16.13.1
      '@teambit/base-ui.theme.theme-provider': 0.1.5_react@16.13.1
      '@teambit/evangelist.elements.button': 0.0.2_react-dom@16.13.1+react@16.13.1
      '@teambit/evangelist.elements.heading': 0.0.2_react@16.13.1
      '@teambit/evangelist.elements.icon': 0.0.2_react@16.13.1
      '@teambit/evangelist.elements.image': 0.0.2_react-dom@16.13.1+react@16.13.1
      '@teambit/evangelist.input.input': 0.0.2_react@16.13.1
      classnames: 2.2.6
      copy-to-clipboard: 3.3.1
      prism-react-renderer: 1.1.1_react@16.13.1
      react: 16.13.1
      react-dom: 16.13.1_react@16.13.1
      react-live: 2.2.2_react-dom@16.13.1+react@16.13.1
      react-syntax-highlighter: 13.5.1_react@16.13.1
      react-use-dimensions: 1.2.1_0634d22a207923c507b47a52e9f0d46d
      reset-css: 5.0.1
      use-debounce: 3.4.3_react@16.13.1
    devDependencies:
      '@types/classnames': 2.2.10
      '@types/jest': 26.0.10
      '@types/react': 16.9.43
      '@types/react-router-dom': 5.1.5
    specifiers:
      '@teambit/base-ui.constants.storage': ^0.1.5
      '@teambit/base-ui.css-components.roundness': ^0.1.5
      '@teambit/base-ui.input.error': ^0.1.5
      '@teambit/base-ui.layout.breakpoints': ^0.1.5
      '@teambit/base-ui.layout.grid-component': ^0.1.5
      '@teambit/base-ui.text.heading': ^0.1.5
      '@teambit/base-ui.text.muted-text': ^0.1.5
      '@teambit/base-ui.text.paragraph': ^0.1.5
      '@teambit/base-ui.text.themed-text': ^0.1.5
      '@teambit/base-ui.theme.colors': ^0.1.5
      '@teambit/base-ui.theme.sizes': ^0.1.5
      '@teambit/base-ui.theme.theme-provider': ^0.1.5
      '@teambit/evangelist.elements.button': ^0.0.2
      '@teambit/evangelist.elements.heading': ^0.0.2
      '@teambit/evangelist.elements.icon': ^0.0.2
      '@teambit/evangelist.elements.image': ^0.0.2
      '@teambit/evangelist.input.input': ^0.0.2
      '@types/classnames': ^2.2.10
      '@types/jest': ~26.0.10
      '@types/react': 16.9.43
      '@types/react-router-dom': ^5.1.5
      classnames: ^2.2.6
      copy-to-clipboard: ^3.3.1
      prism-react-renderer: ^1.1.1
      react: 16.13.1
      react-dom: 16.13.1
      react-live: ^2.2.2
      react-syntax-highlighter: ^13.5.1
      react-use-dimensions: ^1.2.1
      reset-css: ^5.0.1
      use-debounce: ^3.4.3
  components/anchor:
    specifiers: {}
  components/code-snippet:
    specifiers: {}
  components/code/react-playground:
    specifiers: {}
  components/consumable-link:
    specifiers: {}
  components/copied-message:
    specifiers: {}
  components/copy-box:
    specifiers: {}
  components/heading:
    specifiers: {}
  components/highlighted-text:
    specifiers: {}
  components/label:
    specifiers: {}
  components/label-list:
    specifiers: {}
  components/linked-heading:
    specifiers: {}
  components/list:
    specifiers: {}
  components/paragraph:
    specifiers: {}
  components/prop-table:
    specifiers: {}
  components/section:
    specifiers: {}
  components/separator:
    specifiers: {}
  components/sub-title:
    specifiers: {}
  components/table:
    specifiers: {}
  components/table-column:
    specifiers: {}
  components/table-heading-column:
    specifiers: {}
  components/table-heading-row:
    specifiers: {}
  components/table-row:
    specifiers: {}
  components/theme-context:
    specifiers: {}
  components/types/docs-file:
    specifiers: {}
  components/version-tag:
    specifiers: {}
lockfileVersion: 5.1
packages:
  /@babel/runtime-corejs3/7.11.2:
    dependencies:
      core-js-pure: 3.6.5
      regenerator-runtime: 0.13.7
    dev: false
    resolution:
      integrity: sha512-qh5IR+8VgFz83VBa6OkaET6uN/mJOhHONuy3m1sgF0CV6mXdPSEBdA7e1eUbVvyNtANjMbg22JUv71BaDXLY6A==
  /@babel/runtime/7.11.2:
    dependencies:
      regenerator-runtime: 0.13.7
    dev: false
    resolution:
      integrity: sha512-TeWkU52so0mPtDcaCTxNBI/IHiz0pZgr8VEFqXFtZWpYD08ZB6FaSwVAS8MKRQAP3bYKiVjwysOJgMFY28o6Tw==
  /@jest/types/25.5.0:
    dependencies:
      '@types/istanbul-lib-coverage': 2.0.3
      '@types/istanbul-reports': 1.1.2
      '@types/yargs': 15.0.5
      chalk: 3.0.0
    dev: true
    engines:
      node: '>= 8.3'
    resolution:
      integrity: sha512-OXD0RgQ86Tu3MazKo8bnrkDRaDXXMGUqd+kTtLtK1Zb7CRzQcaSRPPPV37SvYTdevXEBVxe0HXylEjs8ibkmCw==
  /@jest/types/26.3.0:
    dependencies:
      '@types/istanbul-lib-coverage': 2.0.3
      '@types/istanbul-reports': 3.0.0
      '@types/node': 14.6.0
      '@types/yargs': 15.0.5
      chalk: 4.1.0
    dev: false
    engines:
      node: '>= 10.14.2'
    resolution:
      integrity: sha512-BDPG23U0qDeAvU4f99haztXwdAg3hz4El95LkAM+tHAqqhiVzRpEGHHU8EDxT/AnxOrA65YjLBwDahdJ9pTLJQ==
  /@sinonjs/commons/1.8.1:
    dependencies:
      type-detect: 4.0.8
    dev: false
    resolution:
      integrity: sha512-892K+kWUUi3cl+LlqEWIDrhvLgdL79tECi8JZUyq6IviKy/DNhuzCRlbHUjxK89f4ypPMMaFnFuR9Ie6DoIMsw==
  /@sinonjs/fake-timers/6.0.1:
    dependencies:
      '@sinonjs/commons': 1.8.1
    dev: false
    resolution:
      integrity: sha512-MZPUxrmFubI36XS1DI3qmI0YdN1gks62JtFZvxR67ljjSNCeK6U08Zx4msEWOXuofgqUt6zPHSi1H9fbjR/NRA==
  /@sinonjs/formatio/5.0.1:
    dependencies:
      '@sinonjs/commons': 1.8.1
      '@sinonjs/samsam': 5.1.0
    dev: false
    resolution:
      integrity: sha512-KaiQ5pBf1MpS09MuA0kp6KBQt2JUOQycqVG1NZXvzeaXe5LGFqAKueIS0bw4w0P9r7KuBSVdUk5QjXsUdu2CxQ==
  /@sinonjs/samsam/5.1.0:
    dependencies:
      '@sinonjs/commons': 1.8.1
      lodash.get: 4.4.2
      type-detect: 4.0.8
    dev: false
    resolution:
      integrity: sha512-42nyaQOVunX5Pm6GRJobmzbS7iLI+fhERITnETXzzwDZh+TtDr/Au3yAvXVjFmZ4wEUaE4Y3NFZfKv0bV0cbtg==
  /@sinonjs/text-encoding/0.7.1:
    dev: false
    resolution:
      integrity: sha512-+iTbntw2IZPb/anVDbypzfQa+ay64MW0Zo8aJ8gZPWMMK6/OubMVb6lUPMagqjOPnmtauXnFCACVl3O7ogjeqQ==
  /@teambit/base-ui.constants.storage/0.1.5_react@16.13.1:
    dependencies:
      react: 16.13.1
    dev: false
    peerDependencies:
      react: ^15.0.0 || ^16.0.0
    resolution:
      integrity: sha512-AW176tqIrCscxA02nN7beUQes/Y2yCXcv//aZmacyCGRRXufVO1VxuIavuLBjldzs7KJAnbFLRMpekB2PkO0bA==
  /@teambit/base-ui.css-components.roundness/0.1.5_react@16.13.1:
    dependencies:
      react: 16.13.1
    dev: false
    peerDependencies:
      react: ^15.0.0 || ^16.0.0
    resolution:
      integrity: sha512-o3prrlbTxD1Vq0Xe06mjOgjnFYwOuiN+3v8K7gEN/dqq1wpMatVmse1oQ/l/lGFo5pEBBQj9t0r55tN/DfCjTA==
  /@teambit/base-ui.elements.dots-loader/0.1.5_react@16.13.1:
    dependencies:
      classnames: 2.2.6
      react: 16.13.1
    dev: false
    peerDependencies:
      react: ^15.0.0 || ^16.0.0
    resolution:
      integrity: sha512-n3RHAtYhN+pakCfVKniloQ5pK8mRJL6uwS5yKde/t/IeHhcyXEHV2xvdnA1vAp4ZjiKKqzfcdFrgv09zocr7Xw==
  /@teambit/base-ui.elements.icon/0.1.5_react@16.13.1:
    dependencies:
      classnames: 2.2.6
      react: 16.13.1
    dev: false
    peerDependencies:
      react: ^15.0.0 || ^16.0.0
    resolution:
      integrity: sha512-ycfPiAbqoOm9rFu8umRzwCgYlwh/EqkZNV4TKCjba59eJgYsMGFel9f/XIAY6G9Lm5D7Hu49n9ZGZ/mw2n4D1g==
  /@teambit/base-ui.elements.image/0.1.5_react@16.13.1:
    dependencies:
      classnames: 2.2.6
      react: 16.13.1
    dev: false
    peerDependencies:
      react: ^15.0.0 || ^16.0.0
    resolution:
      integrity: sha512-y8ttr0Eg229s9C3gPmhkz8Jygp7vEyr2SsjSK5hctYRPewWUyXEh6Ae4pV926wZRTR6jcbeUZtnlXW25y0++HA==
  /@teambit/base-ui.input.button/0.1.5_react-dom@16.13.1+react@16.13.1:
    dependencies:
      '@teambit/base-ui.elements.dots-loader': 0.1.5_react@16.13.1
      '@testing-library/react': 10.4.9_react-dom@16.13.1+react@16.13.1
      chai: 4.2.0
      classnames: 2.2.6
      react: 16.13.1
      sinon: 9.0.3
    dev: false
    peerDependencies:
      react: ^15.0.0 || ^16.0.0
      react-dom: '*'
    resolution:
      integrity: sha512-A8Yx9plHSARh2Fc8RWlcvX/c3ZIb9Tla6NUMemH6PGzDO/ExcS6DPemFYzZXt15wjbv9tQF8q+sRj1C7Ks8r9w==
  /@teambit/base-ui.input.error/0.1.5_react@16.13.1:
    dependencies:
      classnames: 2.2.6
      react: 16.13.1
    dev: false
    peerDependencies:
      react: ^15.0.0 || ^16.0.0
    resolution:
      integrity: sha512-/Bgk5G9W7Hyor/4yf8IzqUMKj9EiUBnflEXsHrbgO0MiFMdE8A5roFTrfgbieKOGlv5pFj9BcUjbquU4YcyxpA==
  /@teambit/base-ui.layout.breakpoints/0.1.5_react@16.13.1:
    dependencies:
      react: 16.13.1
    dev: false
    peerDependencies:
      react: ^15.0.0 || ^16.0.0
    resolution:
      integrity: sha512-p+okZurTLalR/mA4eF1S8kKqqE7t1LtfCQ62Tc2MrGsxH6w8KFaMWFKdTzltyWbbgeKlLjHgbJICOebsZbP5dw==
  /@teambit/base-ui.layout.grid-component/0.1.5_react@16.13.1:
    dependencies:
      '@teambit/base-ui.layout.breakpoints': 0.1.5_react@16.13.1
      classnames: 2.2.6
      react: 16.13.1
    dev: false
    peerDependencies:
      react: ^15.0.0 || ^16.0.0
    resolution:
      integrity: sha512-tc6CCbIcf1Z2O5gKmPDB974qwfE3xvISHuDPIIla9SDaNgmNvusgv80ofcd51RWII2a2zu9gERuGDGyfDDkkgw==
  /@teambit/base-ui.text.heading/0.1.5_react@16.13.1:
    dependencies:
      react: 16.13.1
    dev: false
    peerDependencies:
      react: ^15.0.0 || ^16.0.0
    resolution:
      integrity: sha512-bFDs12ZJ4AmO1TN0z8lQK/kpzHDVSoGxtfFIFS7D/jUaH8dLoHCK9NId44zifjjWMInVY/afnUCApZPqX33+FA==
  /@teambit/base-ui.text.muted-text/0.1.5_react@16.13.1:
    dependencies:
      classnames: 2.2.6
      react: 16.13.1
    dev: false
    peerDependencies:
      react: ^15.0.0 || ^16.0.0
    resolution:
      integrity: sha512-fwTMWdZ2OFlKF1Db5H06IeFXHKoqdP8layiRL5QDHrCrJr8YVxO2wliORjdG3m9kCZ8jCTyXagLSDEpXv6U7/A==
  /@teambit/base-ui.text.paragraph/0.1.5_react@16.13.1:
    dependencies:
      '@teambit/base-ui.theme.sizes': 0.1.5_react@16.13.1
      classnames: 2.2.6
      react: 16.13.1
    dev: false
    peerDependencies:
      react: ^15.0.0 || ^16.0.0
    resolution:
      integrity: sha512-AkjzmvJrBUiLtmof44ys0WPSrTcKBz/eIlUiARLvEuUtkRMvZMF18zplWcXj2yq9sWMirl0jBJTNIT99Ggof/g==
  /@teambit/base-ui.text.themed-text/0.1.5_react@16.13.1:
    dependencies:
      classnames: 2.2.6
      react: 16.13.1
    dev: false
    peerDependencies:
      react: ^15.0.0 || ^16.0.0
    resolution:
      integrity: sha512-mjv6gi7VAT4a4kqoljgdNNcDgj/UejXcTcXSZEDuTEfmSNPFwsB/aOfQSYQ2gksVLg3mgSZTI83SHJqQJQZEOQ==
  /@teambit/base-ui.theme.brand-definition/0.1.5_react@16.13.1:
    dependencies:
      '@teambit/base-ui.theme.colors': 0.1.5_react@16.13.1
      react: 16.13.1
    dev: false
    peerDependencies:
      react: ^15.0.0 || ^16.0.0
    resolution:
      integrity: sha512-yglV3vUhHE59EeYHWY8+dAUnTZ1y1Aj8qKxGY2wYjcAFqlowZ6DaDZ4vA7o4amgUTbiH+ppSX/TolZAy2gMMXg==
  /@teambit/base-ui.theme.color-definition/0.1.5_react@16.13.1:
    dependencies:
      '@teambit/base-ui.theme.colors': 0.1.5_react@16.13.1
      react: 16.13.1
    dev: false
    peerDependencies:
      react: ^15.0.0 || ^16.0.0
    resolution:
      integrity: sha512-LDz2A+XO159o/2AQuNeC1hSbfKMvhPZiOWwm8gBFII4ko2fW0pyES943O49MapkOxpPkqsQ5EUqmqfkJKB8LtA==
  /@teambit/base-ui.theme.colors/0.1.5_react@16.13.1:
    dependencies:
      react: 16.13.1
    dev: false
    peerDependencies:
      react: ^15.0.0 || ^16.0.0
    resolution:
      integrity: sha512-sYjeOBbHZMdWZQ+L4TRmgeiMg3iS50DUa9MdMe9XsgJ7FPfMgLuHEOsuihcsoLEWYBXpxX0PaItTfSQwmHpYYA==
  /@teambit/base-ui.theme.fonts.book/0.1.5_react@16.13.1:
    dependencies:
      react: 16.13.1
    dev: false
    peerDependencies:
      react: ^15.0.0 || ^16.0.0
    resolution:
      integrity: sha512-pqeo+CCAkEOPeR6gFAkLf/IGb3Um37t3KeRuomxz3odnznzBeGg3R7X3Run3gKLgjmp+KGkB7y90JFvQPbaEXw==
  /@teambit/base-ui.theme.heading-margin-definition/0.1.5_react@16.13.1:
    dependencies:
      react: 16.13.1
    dev: false
    peerDependencies:
      react: ^15.0.0 || ^16.0.0
    resolution:
      integrity: sha512-ix+H27qABKYWDUIqsFYkHJEJYRplGdT4CRDl120hnCpUFX8QJWw1jjnXBCARVsK809lgTD2qo9sAG3mrDo2ptg==
  /@teambit/base-ui.theme.shadow-definition/0.1.5_react@16.13.1:
    dependencies:
      react: 16.13.1
    dev: false
    peerDependencies:
      react: ^15.0.0 || ^16.0.0
    resolution:
      integrity: sha512-ql0C9KfUnwabTrulJU/LyfaoFjB4ZYHmAjmnsD45N2nTTy6qfLvE3TtqTE5Pjrf1JuocJKCrwqA7UGKYau+cBQ==
  /@teambit/base-ui.theme.size-definition/0.1.5_react@16.13.1:
    dependencies:
      react: 16.13.1
    dev: false
    peerDependencies:
      react: ^15.0.0 || ^16.0.0
    resolution:
      integrity: sha512-Qq8AgIsfDUDoNKUA9pfrBPIxh3f7pdkR3+nY/Fzq3NWrTsX67rSZfCteIw2Kqrkri+Xp5+1wYcuqh/7u+10C7w==
  /@teambit/base-ui.theme.sizes/0.1.5_react@16.13.1:
    dependencies:
      react: 16.13.1
    dev: false
    peerDependencies:
      react: ^15.0.0 || ^16.0.0
    resolution:
      integrity: sha512-qBp6/14eDfvprL/XR8+Y5G6wZANZ/zNyWcx/cKE6aVBQRHDTmWy6HDPnMN0e2+zbxHh6lFJcgqS7A222FWxYNA==
  /@teambit/base-ui.theme.theme-provider/0.1.5_react@16.13.1:
    dependencies:
      '@teambit/base-ui.theme.brand-definition': 0.1.5_react@16.13.1
      '@teambit/base-ui.theme.color-definition': 0.1.5_react@16.13.1
      '@teambit/base-ui.theme.fonts.book': 0.1.5_react@16.13.1
      '@teambit/base-ui.theme.heading-margin-definition': 0.1.5_react@16.13.1
      '@teambit/base-ui.theme.shadow-definition': 0.1.5_react@16.13.1
      '@teambit/base-ui.theme.size-definition': 0.1.5_react@16.13.1
      classnames: 2.2.6
      react: 16.13.1
    dev: false
    peerDependencies:
      react: ^15.0.0 || ^16.0.0
    resolution:
      integrity: sha512-NU+7eLyrZRpFqQmJ6ssJtZ0eNvJtl/stZF9BmCJSyK5sJXurxxc1RxpoCxnn7st74uJnc63t2F3sqEBsBCRoEw==
  /@teambit/evangelist.elements.button/0.0.2_react-dom@16.13.1+react@16.13.1:
    dependencies:
      '@teambit/base-ui.input.button': 0.1.5_react-dom@16.13.1+react@16.13.1
      '@testing-library/react': 10.4.9_react-dom@16.13.1+react@16.13.1
      chai: 4.2.0
      classnames: 2.2.6
      react: 16.13.1
    dev: false
    peerDependencies:
      react: ^15.0.0 || ^16.0.0
      react-dom: '*'
    resolution:
      integrity: sha512-QvdyQ3PRvl01IBDy2yb08t+8TdaadHs5MQBZQfeLtWNdFdPwDarORJPM9PehDnoQgCDU1Z7r2EwTNM6Q0kqk7w==
  /@teambit/evangelist.elements.heading/0.0.2_react@16.13.1:
    dependencies:
      '@teambit/base-ui.text.heading': 0.1.5_react@16.13.1
      '@teambit/base-ui.theme.sizes': 0.1.5_react@16.13.1
      classnames: 2.2.6
      react: 16.13.1
    dev: false
    peerDependencies:
      react: ^15.0.0 || ^16.0.0
    resolution:
      integrity: sha512-HXnFTPxhz1ccciMVtn0wiADxBTh7ep/h+J1JroxnzB43b7lR+kMiAJXSBUSoWBRlH3BysVDKvPuHQ/Fc2RkAgQ==
  /@teambit/evangelist.elements.icon/0.0.2_react@16.13.1:
    dependencies:
      '@teambit/base-ui.elements.icon': 0.1.5_react@16.13.1
      react: 16.13.1
    dev: false
    peerDependencies:
      react: ^15.0.0 || ^16.0.0
    resolution:
      integrity: sha512-K7n/QO2KTlTcXW2oZI2a5p38wzUFakgUtSszZZX2VjxZytQxxfWtlI7RRvxaLxFvz1UIz4VIWwS2JW2tN7fDAg==
  /@teambit/evangelist.elements.image/0.0.2_react-dom@16.13.1+react@16.13.1:
    dependencies:
      '@teambit/base-ui.constants.storage': 0.1.5_react@16.13.1
      '@teambit/base-ui.elements.image': 0.1.5_react@16.13.1
      '@testing-library/react': 10.4.9_react-dom@16.13.1+react@16.13.1
      chai: 4.2.0
      react: 16.13.1
    dev: false
    peerDependencies:
      react: ^15.0.0 || ^16.0.0
      react-dom: '*'
    resolution:
      integrity: sha512-+7EsATsGZohrWknWFjeswmmcXS9unapTfJ0mQYEE8Qh2JZU8GNv3hVtphOdaR4P54mQ1Mw6Sot7IXrdIZn3wVw==
  /@teambit/evangelist.input.input/0.0.2_react@16.13.1:
    dependencies:
      '@teambit/base-ui.theme.colors': 0.1.5_react@16.13.1
      classnames: 2.2.6
      react: 16.13.1
    dev: false
    peerDependencies:
      react: ^15.0.0 || ^16.0.0
    resolution:
      integrity: sha512-fRJXs1e6qsXstP3SDFRqs3JeGoyrA5nrZAOuEMXPEk9mrBc73shG04KZux645zkOR/rP03zx1emWgCdRm+IKsg==
  /@testing-library/dom/7.22.6:
    dependencies:
      '@babel/runtime': 7.11.2
      '@types/aria-query': 4.2.0
      aria-query: 4.2.2
      dom-accessibility-api: 0.5.1
      pretty-format: 26.4.2
    dev: false
    engines:
      node: '>=10'
    resolution:
      integrity: sha512-8703SWfapsEMwG10/c8AV7qK33zyy0NMDs0SbX9uEZnHWnxaNA5SnODuWS1PvFEjoNjBxfoxVZtw6uQAXO7tJw==
  /@testing-library/react/10.4.9_react-dom@16.13.1+react@16.13.1:
    dependencies:
      '@babel/runtime': 7.11.2
      '@testing-library/dom': 7.22.6
      react: 16.13.1
      react-dom: 16.13.1_react@16.13.1
    dev: false
    engines:
      node: '>=10'
    peerDependencies:
      react: '*'
      react-dom: '*'
    resolution:
      integrity: sha512-pHZKkqUy0tmiD81afs8xfiuseXfU/N7rAX3iKjeZYje86t9VaB0LrxYVa+OOsvkrveX5jCK3IjajVn2MbePvqA==
  /@types/aria-query/4.2.0:
    dev: false
    resolution:
      integrity: sha512-iIgQNzCm0v7QMhhe4Jjn9uRh+I6GoPmt03CbEtwx3ao8/EfoQcmgtqH4vQ5Db/lxiIGaWDv6nwvunuh0RyX0+A==
  /@types/classnames/2.2.10:
    dev: true
    resolution:
      integrity: sha512-1UzDldn9GfYYEsWWnn/P4wkTlkZDH7lDb0wBMGbtIQc9zXEQq7FlKBdZUn6OBqD8sKZZ2RQO2mAjGpXiDGoRmQ==
  /@types/color-name/1.1.1:
    resolution:
      integrity: sha512-rr+OQyAjxze7GgWrSaJwydHStIhHq2lvY3BOC2Mj7KnzI7XK0Uw1TOOdI9lDoajEbSWLiYgoo4f1R51erQfhPQ==
  /@types/history/4.7.7:
    dev: true
    resolution:
      integrity: sha512-2xtoL22/3Mv6a70i4+4RB7VgbDDORoWwjcqeNysojZA0R7NK17RbY5Gof/2QiFfJgX+KkWghbwJ+d/2SB8Ndzg==
  /@types/istanbul-lib-coverage/2.0.3:
    resolution:
      integrity: sha512-sz7iLqvVUg1gIedBOvlkxPlc8/uVzyS5OwGz1cKjXzkl3FpL3al0crU8YGU1WoHkxn0Wxbw5tyi6hvzJKNzFsw==
  /@types/istanbul-lib-report/3.0.0:
    dependencies:
      '@types/istanbul-lib-coverage': 2.0.3
    resolution:
      integrity: sha512-plGgXAPfVKFoYfa9NpYDAkseG+g6Jr294RqeqcqDixSbU34MZVJRi/P+7Y8GDpzkEwLaGZZOpKIEmeVZNtKsrg==
  /@types/istanbul-reports/1.1.2:
    dependencies:
      '@types/istanbul-lib-coverage': 2.0.3
      '@types/istanbul-lib-report': 3.0.0
    dev: true
    resolution:
      integrity: sha512-P/W9yOX/3oPZSpaYOCQzGqgCQRXn0FFO/V8bWrCQs+wLmvVVxk6CRBXALEvNs9OHIatlnlFokfhuDo2ug01ciw==
  /@types/istanbul-reports/3.0.0:
    dependencies:
      '@types/istanbul-lib-report': 3.0.0
    dev: false
    resolution:
      integrity: sha512-nwKNbvnwJ2/mndE9ItP/zc2TCzw6uuodnF4EHYWD+gCQDVBuRQL5UzbZD0/ezy1iKsFU2ZQiDqg4M9dN4+wZgA==
  /@types/jest/26.0.10:
    dependencies:
      jest-diff: 25.5.0
      pretty-format: 25.5.0
    dev: true
    resolution:
      integrity: sha512-i2m0oyh8w/Lum7wWK/YOZJakYF8Mx08UaKA1CtbmFeDquVhAEdA7znacsVSf2hJ1OQ/OfVMGN90pw/AtzF8s/Q==
  /@types/node/14.6.0:
    dev: false
    resolution:
      integrity: sha512-mikldZQitV94akrc4sCcSjtJfsTKt4p+e/s0AGscVA6XArQ9kFclP+ZiYUMnq987rc6QlYxXv/EivqlfSLxpKA==
  /@types/prop-types/15.7.3:
    dev: true
    resolution:
      integrity: sha512-KfRL3PuHmqQLOG+2tGpRO26Ctg+Cq1E01D2DMriKEATHgWLfeNDmq9e29Q9WIky0dQ3NPkd1mzYH8Lm936Z9qw==
  /@types/react-router-dom/5.1.5:
    dependencies:
      '@types/history': 4.7.7
      '@types/react': 16.9.43
      '@types/react-router': 5.1.8
    dev: true
    resolution:
      integrity: sha512-ArBM4B1g3BWLGbaGvwBGO75GNFbLDUthrDojV2vHLih/Tq8M+tgvY1DSwkuNrPSwdp/GUL93WSEpTZs8nVyJLw==
  /@types/react-router/5.1.8:
    dependencies:
      '@types/history': 4.7.7
      '@types/react': 16.9.43
    dev: true
    resolution:
      integrity: sha512-HzOyJb+wFmyEhyfp4D4NYrumi+LQgQL/68HvJO+q6XtuHSDvw6Aqov7sCAhjbNq3bUPgPqbdvjXC5HeB2oEAPg==
  /@types/react/16.9.43:
    dependencies:
      '@types/prop-types': 15.7.3
      csstype: 2.6.13
    dev: true
    resolution:
      integrity: sha512-PxshAFcnJqIWYpJbLPriClH53Z2WlJcVZE+NP2etUtWQs2s7yIMj3/LDKZT/5CHJ/F62iyjVCDu2H3jHEXIxSg==
  /@types/yargs-parser/15.0.0:
    resolution:
      integrity: sha512-FA/BWv8t8ZWJ+gEOnLLd8ygxH/2UFbAvgEonyfN6yWGLKc7zVjbpl2Y4CTjid9h2RfgPP6SEt6uHwEOply00yw==
  /@types/yargs/15.0.5:
    dependencies:
      '@types/yargs-parser': 15.0.0
    resolution:
      integrity: sha512-Dk/IDOPtOgubt/IaevIUbTgV7doaKkoorvOyYM2CMwuDyP89bekI7H4xLIwunNYiK9jhCkmc6pUrJk3cj2AB9w==
  /ansi-regex/5.0.0:
    engines:
      node: '>=8'
    resolution:
      integrity: sha512-bY6fj56OUQ0hU1KjFNDQuJFezqKdrAyFdIevADiqrWHwSlbmBNMHp5ak2f40Pm8JTFyM2mqxkG6ngkHO11f/lg==
  /ansi-styles/3.2.1:
    dependencies:
      color-convert: 1.9.3
    dev: false
    engines:
      node: '>=4'
    resolution:
      integrity: sha512-VT0ZI6kZRdTh8YyJw3SMbYm/u+NqfsAxEpWO0Pf9sq8/e94WxxOpPKx9FR1FlyCtOVDNOQ+8ntlqFxiRc+r5qA==
  /ansi-styles/4.2.1:
    dependencies:
      '@types/color-name': 1.1.1
      color-convert: 2.0.1
    engines:
      node: '>=8'
    resolution:
      integrity: sha512-9VGjrMsG1vePxcSweQsN20KY/c4zN0h9fLjqAbwbPfahM3t+NL+M9HC8xeXG2I8pX5NoamTGNuomEUFI7fcUjA==
  /aria-query/4.2.2:
    dependencies:
      '@babel/runtime': 7.11.2
      '@babel/runtime-corejs3': 7.11.2
    dev: false
    engines:
      node: '>=6.0'
    resolution:
      integrity: sha512-o/HelwhuKpTj/frsOsbNLNgnNGVIFsVP/SW2BSF14gVl7kAfMOJ6/8wUAUvG1R1NHKrfG+2sHZTu0yauT1qBrA==
  /asap/2.0.6:
    dev: false
    resolution:
      integrity: sha1-5QNHYR1+aQlDIIu9r+vLwvuGbUY=
  /assertion-error/1.1.0:
    dev: false
    resolution:
      integrity: sha512-jgsaNduz+ndvGyFt3uSuWqvy4lCnIJiovtouQN5JZHOKCS2QuhEdbcQHFhVksz2N2U9hXJo8odG7ETyWlEeuDw==
  /buble/0.19.6:
    dependencies:
      chalk: 2.4.2
      magic-string: 0.25.7
      minimist: 1.2.5
      os-homedir: 1.0.2
      regexpu-core: 4.7.0
      vlq: 1.0.1
    dev: false
    hasBin: true
    resolution:
      integrity: sha512-9kViM6nJA1Q548Jrd06x0geh+BG2ru2+RMDkIHHgJY/8AcyCs34lTHwra9BX7YdPrZXd5aarkpr/SY8bmPgPdg==
  /chai/4.2.0:
    dependencies:
      assertion-error: 1.1.0
      check-error: 1.0.2
      deep-eql: 3.0.1
      get-func-name: 2.0.0
      pathval: 1.1.0
      type-detect: 4.0.8
    dev: false
    engines:
      node: '>=4'
    resolution:
      integrity: sha512-XQU3bhBukrOsQCuwZndwGcCVQHyZi53fQ6Ys1Fym7E4olpIqqZZhhoFJoaKVvV17lWQoXYwgWN2nF5crA8J2jw==
  /chalk/2.4.2:
    dependencies:
      ansi-styles: 3.2.1
      escape-string-regexp: 1.0.5
      supports-color: 5.5.0
    dev: false
    engines:
      node: '>=4'
    resolution:
      integrity: sha512-Mti+f9lpJNcwF4tWV8/OrTTtF1gZi+f8FqlyAdouralcFWFQWF2+NgCHShjkCb+IFBLq9buZwE1xckQU4peSuQ==
  /chalk/3.0.0:
    dependencies:
      ansi-styles: 4.2.1
      supports-color: 7.1.0
    dev: true
    engines:
      node: '>=8'
    resolution:
      integrity: sha512-4D3B6Wf41KOYRFdszmDqMCGq5VV/uMAB273JILmO+3jAlh8X4qDtdtgCR3fxtbLEMzSx22QdhnDcJvu2u1fVwg==
  /chalk/4.1.0:
    dependencies:
      ansi-styles: 4.2.1
      supports-color: 7.1.0
    dev: false
    engines:
      node: '>=10'
    resolution:
      integrity: sha512-qwx12AxXe2Q5xQ43Ac//I6v5aXTipYrSESdOgzrN+9XjgEpyjpKuvSGaN4qE93f7TQTlerQQ8S+EQ0EyDoVL1A==
  /character-entities-legacy/1.1.4:
    dev: false
    resolution:
      integrity: sha512-3Xnr+7ZFS1uxeiUDvV02wQ+QDbc55o97tIV5zHScSPJpcLm/r0DFPcoY3tYRp+VZukxuMeKgXYmsXQHO05zQeA==
  /character-entities/1.2.4:
    dev: false
    resolution:
      integrity: sha512-iBMyeEHxfVnIakwOuDXpVkc54HijNgCyQB2w0VfGQThle6NXn50zU6V/u+LDhxHcDUPojn6Kpga3PTAD8W1bQw==
  /character-reference-invalid/1.1.4:
    dev: false
    resolution:
      integrity: sha512-mKKUkUbhPpQlCOfIuZkvSEgktjPFIsZKRRbC6KWVEMvlzblj3i3asQv5ODsrwt0N3pHAEvjP8KTQPHkp0+6jOg==
  /check-error/1.0.2:
    dev: false
    resolution:
      integrity: sha1-V00xLt2Iu13YkS6Sht1sCu1KrII=
  /classnames/2.2.6:
    dev: false
    resolution:
      integrity: sha512-JR/iSQOSt+LQIWwrwEzJ9uk0xfN3mTVYMwt1Ir5mUcSN6pU+V4zQFFaJsclJbPuAUQH+yfWef6tm7l1quW3C8Q==
  /clipboard/2.0.6:
    dependencies:
      good-listener: 1.2.2
      select: 1.1.2
      tiny-emitter: 2.1.0
    dev: false
    optional: true
    resolution:
      integrity: sha512-g5zbiixBRk/wyKakSwCKd7vQXDjFnAMGHoEyBogG/bw9kTD9GvdAvaoRR1ALcEzt3pVKxZR0pViekPMIS0QyGg==
  /color-convert/1.9.3:
    dependencies:
      color-name: 1.1.3
    dev: false
    resolution:
      integrity: sha512-QfAUtd+vFdAtFQcC8CCyYt1fYWxSqAiK2cSD6zDB8N3cpsEBAvRxp9zOGg6G/SHHJYAT88/az/IuDGALsNVbGg==
  /color-convert/2.0.1:
    dependencies:
      color-name: 1.1.4
    engines:
      node: '>=7.0.0'
    resolution:
      integrity: sha512-RRECPsj7iu/xb5oKYcsFHSppFNnsj/52OVTRKb4zP5onXwVF3zVmmToNcOfGC+CRDpfK/U584fMg38ZHCaElKQ==
  /color-name/1.1.3:
    dev: false
    resolution:
      integrity: sha1-p9BVi9icQveV3UIyj3QIMcpTvCU=
  /color-name/1.1.4:
    resolution:
      integrity: sha512-dOy+3AuW3a2wNbZHIuMZpTcgjGuLU/uBL/ubcZF9OXbDo8ff4O8yVp5Bf0efS8uEoYo5q4Fx7dY9OgQGXgAsQA==
  /comma-separated-tokens/1.0.8:
    dev: false
    resolution:
      integrity: sha512-GHuDRO12Sypu2cV70d1dkA2EUmXHgntrzbpvOB+Qy+49ypNfGgFQIC2fhhXbnyrJRynDCAARsT7Ou0M6hirpfw==
  /component-props/1.1.1:
    dev: false
    resolution:
      integrity: sha1-+bffm5kntubZfJvScqqGdnDzSUQ=
  /component-xor/0.0.4:
    dev: false
    resolution:
      integrity: sha1-xV2DzMG5TNUImk6T+niRxyY+Wao=
  /copy-to-clipboard/3.3.1:
    dependencies:
      toggle-selection: 1.0.6
    dev: false
    resolution:
      integrity: sha512-i13qo6kIHTTpCm8/Wup+0b1mVWETvu2kIMzKoK8FpkLkFxlt0znUAHcMzox+T8sPlqtZXq3CulEjQHsYiGFJUw==
  /core-js-pure/3.6.5:
    dev: false
    requiresBuild: true
    resolution:
      integrity: sha512-lacdXOimsiD0QyNf9BC/mxivNJ/ybBGJXQFKzRekp1WTHoVUWsUHEn+2T8GJAzzIhyOuXA+gOxCVN3l+5PLPUA==
  /core-js/1.2.7:
    deprecated: 'core-js@<3 is no longer maintained and not recommended for usage due to the number of issues. Please, upgrade your dependencies to the actual version of core-js@3.'
    dev: false
    resolution:
      integrity: sha1-ZSKUwUZR2yj6k70tX/KYOk8IxjY=
  /core-js/2.6.11:
    deprecated: 'core-js@<3 is no longer maintained and not recommended for usage due to the number of issues. Please, upgrade your dependencies to the actual version of core-js@3.'
    dev: false
    requiresBuild: true
    resolution:
      integrity: sha512-5wjnpaT/3dV+XB4borEsnAYQchn00XSgTAWKDkEqv+K8KevjbzmofK6hfJ9TZIlpj2N0xQpazy7PiRQiWHqzWg==
  /create-react-context/0.2.2_prop-types@15.7.2+react@16.13.1:
    dependencies:
      fbjs: 0.8.17
      gud: 1.0.0
      prop-types: 15.7.2
      react: 16.13.1
    dev: false
    peerDependencies:
      prop-types: ^15.0.0
      react: ^0.14.0 || ^15.0.0 || ^16.0.0
    resolution:
      integrity: sha512-KkpaLARMhsTsgp0d2NA/R94F/eDLbhXERdIq3LvX2biCAXcDvHYoOqHfWCHf1+OLj+HKBotLG3KqaOOf+C1C+A==
  /csstype/2.6.13:
    dev: true
    resolution:
      integrity: sha512-ul26pfSQTZW8dcOnD2iiJssfXw0gdNVX9IJDH/X3K5DGPfj+fUYe3kB+swUY6BF3oZDxaID3AJt+9/ojSAE05A==
  /deep-eql/3.0.1:
    dependencies:
      type-detect: 4.0.8
    dev: false
    engines:
      node: '>=0.12'
    resolution:
      integrity: sha512-+QeIQyN5ZuO+3Uk5DYh6/1eKO0m0YmJFGNmFHGACpf1ClL1nmlV/p4gNgbl2pJGxgXb4faqo6UE+M5ACEMyVcw==
  /delegate/3.2.0:
    dev: false
    optional: true
    resolution:
      integrity: sha512-IofjkYBZaZivn0V8nnsMJGBr4jVLxHDheKSW88PyxS5QC4Vo9ZbZVvhzlSxY87fVq3STR6r+4cGepyHkcWOQSw==
  /diff-sequences/25.2.6:
    dev: true
    engines:
      node: '>= 8.3'
    resolution:
      integrity: sha512-Hq8o7+6GaZeoFjtpgvRBUknSXNeJiCx7V9Fr94ZMljNiCr9n9L8H8aJqgWOQiDDGdyn29fRNcDdRVJ5fdyihfg==
  /diff/4.0.2:
    dev: false
    engines:
      node: '>=0.3.1'
    resolution:
      integrity: sha512-58lmxKSA4BNyLz+HHMUzlOEpg09FV+ev6ZMe3vJihgdxzgcwZ8VoEEPmALCZG9LmqfVoNMMKpttIYTVG6uDY7A==
  /dom-accessibility-api/0.5.1:
    dev: false
    resolution:
      integrity: sha512-8DhtmKTYWXNpPiL/QOszbnkAbCGuPz9ieVwDrmWM1rNx4KRI3zqmvKANAD1PJdvvov3+eq1BPLXQkYTpqTrWng==
  /dom-iterator/1.0.0:
    dependencies:
      component-props: 1.1.1
      component-xor: 0.0.4
    dev: false
    resolution:
      integrity: sha512-7dsMOQI07EMU98gQM8NSB3GsAiIeBYIPKpnxR3c9xOvdvBjChAcOM0iJ222I3p5xyiZO9e5oggkNaCusuTdYig==
  /encoding/0.1.13:
    dependencies:
      iconv-lite: 0.6.2
    dev: false
    resolution:
      integrity: sha512-ETBauow1T35Y/WZMkio9jiM0Z5xjHHmJ4XmjZOq1l/dXz3lr2sRn87nJy20RupqSh1F2m3HHPSp8ShIPQJrJ3A==
  /escape-string-regexp/1.0.5:
    dev: false
    engines:
      node: '>=0.8.0'
    resolution:
      integrity: sha1-G2HAViGQqN/2rjuyzwIAyhMLhtQ=
  /extend-shallow/2.0.1:
    dependencies:
      is-extendable: 0.1.1
    dev: false
    engines:
      node: '>=0.10.0'
    resolution:
      integrity: sha1-Ua99YUrZqfYQ6huvu5idaxxWiQ8=
  /fault/1.0.4:
    dependencies:
      format: 0.2.2
    dev: false
    resolution:
      integrity: sha512-CJ0HCB5tL5fYTEA7ToAq5+kTwd++Borf1/bifxd9iT70QcXr4MRrO3Llf8Ifs70q+SJcGHFtnIE/Nw6giCtECA==
  /fbjs/0.8.17:
    dependencies:
      core-js: 1.2.7
      isomorphic-fetch: 2.2.1
      loose-envify: 1.4.0
      object-assign: 4.1.1
      promise: 7.3.1
      setimmediate: 1.0.5
      ua-parser-js: 0.7.21
    dev: false
    resolution:
      integrity: sha1-xNWY6taUkRJlPWWIsBpc3Nn5D90=
  /format/0.2.2:
    dev: false
    engines:
      node: '>=0.4.x'
    resolution:
      integrity: sha1-1hcBB+nv3E7TDJ3DkBbflCtctYs=
  /get-func-name/2.0.0:
    dev: false
    resolution:
      integrity: sha1-6td0q+5y4gQJQzoGY2YCPdaIekE=
  /good-listener/1.2.2:
    dependencies:
      delegate: 3.2.0
    dev: false
    optional: true
    resolution:
      integrity: sha1-1TswzfkxPf+33JoNR3CWqm0UXFA=
  /gud/1.0.0:
    dev: false
    resolution:
      integrity: sha512-zGEOVKFM5sVPPrYs7J5/hYEw2Pof8KCyOwyhG8sAF26mCAeUFAcYPu1mwB7hhpIP29zOIBaDqwuHdLp0jvZXjw==
  /has-flag/3.0.0:
    dev: false
    engines:
      node: '>=4'
    resolution:
      integrity: sha1-tdRU3CGZriJWmfNGfloH87lVuv0=
  /has-flag/4.0.0:
    engines:
      node: '>=8'
    resolution:
      integrity: sha512-EykJT/Q1KjTWctppgIAgfSO0tKVuZUjhgMr17kqTumMl6Afv3EISleU7qZUzoXDFTAHTDC4NOoG/ZxU3EvlMPQ==
  /hast-util-parse-selector/2.2.4:
    dev: false
    resolution:
      integrity: sha512-gW3sxfynIvZApL4L07wryYF4+C9VvH3AUi7LAnVXV4MneGEgwOByXvFo18BgmTWnm7oHAe874jKbIB1YhHSIzA==
  /hastscript/5.1.2:
    dependencies:
      comma-separated-tokens: 1.0.8
      hast-util-parse-selector: 2.2.4
      property-information: 5.5.0
      space-separated-tokens: 1.1.5
    dev: false
    resolution:
      integrity: sha512-WlztFuK+Lrvi3EggsqOkQ52rKbxkXL3RwB6t5lwoa8QLMemoWfBuL43eDrwOamJyR7uKQKdmKYaBH1NZBiIRrQ==
  /highlight.js/10.1.2:
    dev: false
    resolution:
      integrity: sha512-Q39v/Mn5mfBlMff9r+zzA+gWxRsCRKwEMvYTiisLr/XUiFI/4puWt0Ojdko3R3JCNWGdOWaA5g/Yxqa23kC5AA==
  /iconv-lite/0.6.2:
    dependencies:
      safer-buffer: 2.1.2
    dev: false
    engines:
      node: '>=0.10.0'
    resolution:
      integrity: sha512-2y91h5OpQlolefMPmUlivelittSWy0rP+oYVpn6A7GwVHNE8AWzoYOBNmlwks3LobaJxgHCYZAnyNo2GgpNRNQ==
  /is-alphabetical/1.0.4:
    dev: false
    resolution:
      integrity: sha512-DwzsA04LQ10FHTZuL0/grVDk4rFoVH1pjAToYwBrHSxcrBIGQuXrQMtD5U1b0U2XVgKZCTLLP8u2Qxqhy3l2Vg==
  /is-alphanumerical/1.0.4:
    dependencies:
      is-alphabetical: 1.0.4
      is-decimal: 1.0.4
    dev: false
    resolution:
      integrity: sha512-UzoZUr+XfVz3t3v4KyGEniVL9BDRoQtY7tOyrRybkVNjDFWyo1yhXNGrrBTQxp3ib9BLAWs7k2YKBQsFRkZG9A==
  /is-decimal/1.0.4:
    dev: false
    resolution:
      integrity: sha512-RGdriMmQQvZ2aqaQq3awNA6dCGtKpiDFcOzrTWrDAT2MiWrKQVPmxLGHl7Y2nNu6led0kEyoX0enY0qXYsv9zw==
  /is-extendable/0.1.1:
    dev: false
    engines:
      node: '>=0.10.0'
    resolution:
      integrity: sha1-YrEQ4omkcUGOPsNqYX1HLjAd/Ik=
  /is-hexadecimal/1.0.4:
    dev: false
    resolution:
      integrity: sha512-gyPJuv83bHMpocVYoqof5VDiZveEoGoFL8m3BXNb2VW8Xs+rz9kqO8LOQ5DH6EsuvilT1ApazU0pyl+ytbPtlw==
  /is-stream/1.1.0:
    dev: false
    engines:
      node: '>=0.10.0'
    resolution:
      integrity: sha1-EtSj3U5o4Lec6428hBc66A2RykQ=
  /isarray/0.0.1:
    dev: false
    resolution:
      integrity: sha1-ihis/Kmo9Bd+Cav8YDiTmwXR7t8=
  /isomorphic-fetch/2.2.1:
    dependencies:
      node-fetch: 1.7.3
      whatwg-fetch: 3.4.0
    dev: false
    resolution:
      integrity: sha1-YRrhrPFPXoH3KVB0coGf6XM1WKk=
  /jest-diff/25.5.0:
    dependencies:
      chalk: 3.0.0
      diff-sequences: 25.2.6
      jest-get-type: 25.2.6
      pretty-format: 25.5.0
    dev: true
    engines:
      node: '>= 8.3'
    resolution:
      integrity: sha512-z1kygetuPiREYdNIumRpAHY6RXiGmp70YHptjdaxTWGmA085W3iCnXNx0DhflK3vwrKmrRWyY1wUpkPMVxMK7A==
  /jest-get-type/25.2.6:
    dev: true
    engines:
      node: '>= 8.3'
    resolution:
      integrity: sha512-DxjtyzOHjObRM+sM1knti6or+eOgcGU4xVSb2HNP1TqO4ahsT+rqZg+nyqHWJSvWgKC5cG3QjGFBqxLghiF/Ig==
  /js-tokens/4.0.0:
    dev: false
    resolution:
      integrity: sha512-RdJUflcE3cUzKiMqQgsCu06FPu9UdIJO0beYbPhHN4k6apgJtifcoCtT9bcxOpYBtpD2kCM6Sbzg4CausW/PKQ==
  /jsesc/0.5.0:
    dev: false
    hasBin: true
    resolution:
      integrity: sha1-597mbjXW/Bb3EP6R1c9p9w8IkR0=
  /just-extend/4.1.0:
    dev: false
    resolution:
      integrity: sha512-ApcjaOdVTJ7y4r08xI5wIqpvwS48Q0PBG4DJROcEkH1f8MdAiNFyFxz3xoL0LWAVwjrwPYZdVHHxhRHcx/uGLA==
  /lodash.get/4.4.2:
    dev: false
    resolution:
      integrity: sha1-LRd/ZS+jHpObRDjVNBSZ36OCXpk=
  /loose-envify/1.4.0:
    dependencies:
      js-tokens: 4.0.0
    dev: false
    hasBin: true
    resolution:
      integrity: sha512-lyuxPGr/Wfhrlem2CL/UcnUc1zcqKAImBDzukY7Y5F/yQiNdko6+fRLevlw1HgMySw7f611UIY408EtxRSoK3Q==
  /lowlight/1.14.0:
    dependencies:
      fault: 1.0.4
      highlight.js: 10.1.2
    dev: false
    resolution:
      integrity: sha512-N2E7zTM7r1CwbzwspPxJvmjAbxljCPThTFawEX2Z7+P3NGrrvY54u8kyU16IY4qWfoVIxY8SYCS8jTkuG7TqYA==
  /magic-string/0.25.7:
    dependencies:
      sourcemap-codec: 1.4.8
    dev: false
    resolution:
      integrity: sha512-4CrMT5DOHTDk4HYDlzmwu4FVCcIYI8gauveasrdCu2IKIFOJ3f0v/8MDGJCDL9oD2ppz/Av1b0Nj345H9M+XIA==
  /minimist/1.2.5:
    dev: false
    resolution:
      integrity: sha512-FM9nNUYrRBAELZQT3xeZQ7fmMOBg6nWNmJKTcgsJeaLstP/UODVpGsr5OhXhhXg6f+qtJ8uiZ+PUxkDWcgIXLw==
  /nise/4.0.4:
    dependencies:
      '@sinonjs/commons': 1.8.1
      '@sinonjs/fake-timers': 6.0.1
      '@sinonjs/text-encoding': 0.7.1
      just-extend: 4.1.0
      path-to-regexp: 1.8.0
    dev: false
    resolution:
      integrity: sha512-bTTRUNlemx6deJa+ZyoCUTRvH3liK5+N6VQZ4NIw90AgDXY6iPnsqplNFf6STcj+ePk0H/xqxnP75Lr0J0Fq3A==
  /node-fetch/1.7.3:
    dependencies:
      encoding: 0.1.13
      is-stream: 1.1.0
    dev: false
    resolution:
      integrity: sha512-NhZ4CsKx7cYm2vSrBAr2PvFOe6sWDf0UYLRqA6svUYg7+/TSfVAu49jYC4BvQ4Sms9SZgdqGBgroqfDhJdTyKQ==
  /object-assign/4.1.1:
    dev: false
    engines:
      node: '>=0.10.0'
    resolution:
      integrity: sha1-IQmtx5ZYh8/AXLvUQsrIv7s2CGM=
  /os-homedir/1.0.2:
    dev: false
    engines:
      node: '>=0.10.0'
    resolution:
      integrity: sha1-/7xJiDNuDoM94MFox+8VISGqf7M=
  /parse-entities/2.0.0:
    dependencies:
      character-entities: 1.2.4
      character-entities-legacy: 1.1.4
      character-reference-invalid: 1.1.4
      is-alphanumerical: 1.0.4
      is-decimal: 1.0.4
      is-hexadecimal: 1.0.4
    dev: false
    resolution:
      integrity: sha512-kkywGpCcRYhqQIchaWqZ875wzpS/bMKhz5HnN3p7wveJTkTtyAB/AlnS0f8DFSqYW1T82t6yEAkEcB+A1I3MbQ==
  /path-to-regexp/1.8.0:
    dependencies:
      isarray: 0.0.1
    dev: false
    resolution:
      integrity: sha512-n43JRhlUKUAlibEJhPeir1ncUID16QnEjNpwzNdO3Lm4ywrBpBZ5oLD0I6br9evr1Y9JTqwRtAh7JLoOzAQdVA==
  /pathval/1.1.0:
    dev: false
    resolution:
      integrity: sha1-uULm1L3mUwBe9rcTYd74cn0GReA=
  /pretty-format/25.5.0:
    dependencies:
      '@jest/types': 25.5.0
      ansi-regex: 5.0.0
      ansi-styles: 4.2.1
      react-is: 16.13.1
    dev: true
    engines:
      node: '>= 8.3'
    resolution:
      integrity: sha512-kbo/kq2LQ/A/is0PQwsEHM7Ca6//bGPPvU6UnsdDRSKTWxT/ru/xb88v4BJf6a69H+uTytOEsTusT9ksd/1iWQ==
  /pretty-format/26.4.2:
    dependencies:
      '@jest/types': 26.3.0
      ansi-regex: 5.0.0
      ansi-styles: 4.2.1
      react-is: 16.13.1
    dev: false
    engines:
      node: '>= 10'
    resolution:
      integrity: sha512-zK6Gd8zDsEiVydOCGLkoBoZuqv8VTiHyAbKznXe/gaph/DAeZOmit9yMfgIz5adIgAMMs5XfoYSwAX3jcCO1tA==
  /prism-react-renderer/1.1.1_react@16.13.1:
    dependencies:
      react: 16.13.1
    dev: false
    peerDependencies:
      react: '>=0.14.9'
    resolution:
      integrity: sha512-MgMhSdHuHymNRqD6KM3eGS0PNqgK9q4QF5P0yoQQvpB6jNjeSAi3jcSAz0Sua/t9fa4xDOMar9HJbLa08gl9ug==
  /prismjs/1.21.0:
    dev: false
    optionalDependencies:
      clipboard: 2.0.6
    resolution:
      integrity: sha512-uGdSIu1nk3kej2iZsLyDoJ7e9bnPzIgY0naW/HdknGj61zScaprVEVGHrPoXqI+M9sP0NDnTK2jpkvmldpuqDw==
  /promise/7.3.1:
    dependencies:
      asap: 2.0.6
    dev: false
    resolution:
      integrity: sha512-nolQXZ/4L+bP/UGlkfaIujX9BKxGwmQ9OT4mOt5yvy8iK1h3wqTEJCijzGANTCCl9nWjY41juyAn2K3Q1hLLTg==
  /prop-types/15.7.2:
    dependencies:
      loose-envify: 1.4.0
      object-assign: 4.1.1
      react-is: 16.13.1
    dev: false
    resolution:
      integrity: sha512-8QQikdH7//R2vurIJSutZ1smHYTcLpRWEOlHnzcWHmBYrOGUysKwSsrC89BCiFj3CbrfJ/nXFdJepOVrY1GCHQ==
  /property-information/5.5.0:
    dependencies:
      xtend: 4.0.2
    dev: false
    resolution:
      integrity: sha512-RgEbCx2HLa1chNgvChcx+rrCWD0ctBmGSE0M7lVm1yyv4UbvbrWoXp/BkVLZefzjrRBGW8/Js6uh/BnlHXFyjA==
  /react-dom/16.13.1_react@16.13.1:
    dependencies:
      loose-envify: 1.4.0
      object-assign: 4.1.1
      prop-types: 15.7.2
      react: 16.13.1
      scheduler: 0.19.1
    dev: false
    peerDependencies:
      react: ^16.13.1
    resolution:
      integrity: sha512-81PIMmVLnCNLO/fFOQxdQkvEq/+Hfpv24XNJfpyZhTRfO0QcmQIF/PgCa1zCOj2w1hrn12MFLyaJ/G0+Mxtfag==
  /react-is/16.13.1:
    resolution:
      integrity: sha512-24e6ynE2H+OKt4kqsOvNd8kBpV65zoxbA4BVsEOB3ARVWQki/DHzaUoC5KuON/BiccDaCCTZBuOcfZs70kR8bQ==
  /react-live/2.2.2_react-dom@16.13.1+react@16.13.1:
    dependencies:
      buble: 0.19.6
      core-js: 2.6.11
      create-react-context: 0.2.2_prop-types@15.7.2+react@16.13.1
      dom-iterator: 1.0.0
      prism-react-renderer: 1.1.1_react@16.13.1
      prop-types: 15.7.2
      react-simple-code-editor: 0.10.0_react-dom@16.13.1+react@16.13.1
      unescape: 1.0.1
    dev: false
    engines:
      node: '>= 0.12.0'
      npm: '>= 2.0.0'
    peerDependencies:
      react: '*'
      react-dom: '*'
    resolution:
      integrity: sha512-kJYAzKnPsR4oXleAX9lLsJA330BhTmSWHhr3ienZA2E/0eFDRodGl3I7sge8pp1vjc2K5Aaz73KpFUnV7Lq/DQ==
  /react-simple-code-editor/0.10.0_react-dom@16.13.1+react@16.13.1:
    dependencies:
      react: 16.13.1
      react-dom: 16.13.1_react@16.13.1
    dev: false
    peerDependencies:
      react: ^16.0.0
      react-dom: ^16.0.0
    resolution:
      integrity: sha512-bL5W5mAxSW6+cLwqqVWY47Silqgy2DKDTR4hDBrLrUqC5BXc29YVx17l2IZk5v36VcDEq1Bszu2oHm1qBwKqBA==
  /react-syntax-highlighter/13.5.1_react@16.13.1:
    dependencies:
      '@babel/runtime': 7.11.2
      highlight.js: 10.1.2
      lowlight: 1.14.0
      prismjs: 1.21.0
      react: 16.13.1
      refractor: 3.1.0
    dev: false
    peerDependencies:
      react: '>= 0.14.0'
    resolution:
      integrity: sha512-VVYTnFXF55WMRGdr3QNEzAzcypFZqH45kS7rqh90+AFeNGtui8/gV5AIOIJjwTsuP2UxcO9qvEq94Jq9BYFUhw==
  /react-use-dimensions/1.2.1_0634d22a207923c507b47a52e9f0d46d:
    dependencies:
      '@types/react': 16.9.43
      react: 16.13.1
    dev: false
    peerDependencies:
      '@types/react': ^16.8.20
      react: ^16.8.x
      typescript: ^3.5.2
    resolution:
      integrity: sha512-XL+Rup9Hosxx3Ap9xpyQMbVwuUa4BSqiOjfBb2zDuGs4uv2FesFV+m8Z/huRx2BNptMd9ARPqFuSNA62zhCozg==
  /react/16.13.1:
    dependencies:
      loose-envify: 1.4.0
      object-assign: 4.1.1
      prop-types: 15.7.2
    dev: false
    engines:
      node: '>=0.10.0'
    resolution:
      integrity: sha512-YMZQQq32xHLX0bz5Mnibv1/LHb3Sqzngu7xstSM+vrkE5Kzr9xE0yMByK5kMoTK30YVJE61WfbxIFFvfeDKT1w==
  /refractor/3.1.0:
    dependencies:
      hastscript: 5.1.2
      parse-entities: 2.0.0
      prismjs: 1.21.0
    dev: false
    resolution:
      integrity: sha512-bN8GvY6hpeXfC4SzWmYNQGLLF2ZakRDNBkgCL0vvl5hnpMrnyURk8Mv61v6pzn4/RBHzSWLp44SzMmVHqMGNww==
  /regenerate-unicode-properties/8.2.0:
    dependencies:
      regenerate: 1.4.1
    dev: false
    engines:
      node: '>=4'
    resolution:
      integrity: sha512-F9DjY1vKLo/tPePDycuH3dn9H1OTPIkVD9Kz4LODu+F2C75mgjAJ7x/gwy6ZcSNRAAkhNlJSOHRe8k3p+K9WhA==
  /regenerate/1.4.1:
    dev: false
    resolution:
      integrity: sha512-j2+C8+NtXQgEKWk49MMP5P/u2GhnahTtVkRIHr5R5lVRlbKvmQ+oS+A5aLKWp2ma5VkT8sh6v+v4hbH0YHR66A==
  /regenerator-runtime/0.13.7:
    dev: false
    resolution:
      integrity: sha512-a54FxoJDIr27pgf7IgeQGxmqUNYrcV338lf/6gH456HZ/PhX+5BcwHXG9ajESmwe6WRO0tAzRUrRmNONWgkrew==
  /regexpu-core/4.7.0:
    dependencies:
      regenerate: 1.4.1
      regenerate-unicode-properties: 8.2.0
      regjsgen: 0.5.2
      regjsparser: 0.6.4
      unicode-match-property-ecmascript: 1.0.4
      unicode-match-property-value-ecmascript: 1.2.0
    dev: false
    engines:
      node: '>=4'
    resolution:
      integrity: sha512-TQ4KXRnIn6tz6tjnrXEkD/sshygKH/j5KzK86X8MkeHyZ8qst/LZ89j3X4/8HEIfHANTFIP/AbXakeRhWIl5YQ==
  /regjsgen/0.5.2:
    dev: false
    resolution:
      integrity: sha512-OFFT3MfrH90xIW8OOSyUrk6QHD5E9JOTeGodiJeBS3J6IwlgzJMNE/1bZklWz5oTg+9dCMyEetclvCVXOPoN3A==
  /regjsparser/0.6.4:
    dependencies:
      jsesc: 0.5.0
    dev: false
    hasBin: true
    resolution:
      integrity: sha512-64O87/dPDgfk8/RQqC4gkZoGyyWFIEUTTh80CU6CWuK5vkCGyekIx+oKcEIYtP/RAxSQltCZHCNu/mdd7fqlJw==
  /reset-css/5.0.1:
    dev: false
    resolution:
      integrity: sha512-VyuJdNFfp5x/W6e5wauJM59C02Vs0P22sxzZGhQMPaqu/NGTeFxlBFOOw3eq9vQd19gIDdZp7zi89ylyKOJ33Q==
  /safer-buffer/2.1.2:
    dev: false
    resolution:
      integrity: sha512-YZo3K82SD7Riyi0E1EQPojLz7kpepnSQI9IyPbHHg1XXXevb5dJI7tpyN2ADxGcQbHG7vcyRHk0cbwqcQriUtg==
  /scheduler/0.19.1:
    dependencies:
      loose-envify: 1.4.0
      object-assign: 4.1.1
    dev: false
    resolution:
      integrity: sha512-n/zwRWRYSUj0/3g/otKDRPMh6qv2SYMWNq85IEa8iZyAv8od9zDYpGSnpBEjNgcMNq6Scbu5KfIPxNF72R/2EA==
  /select/1.1.2:
    dev: false
    optional: true
    resolution:
      integrity: sha1-DnNQrN7ICxEIUoeG7B1EGNEbOW0=
  /setimmediate/1.0.5:
    dev: false
    resolution:
      integrity: sha1-KQy7Iy4waULX1+qbg3Mqt4VvgoU=
  /sinon/9.0.3:
    dependencies:
      '@sinonjs/commons': 1.8.1
      '@sinonjs/fake-timers': 6.0.1
      '@sinonjs/formatio': 5.0.1
      '@sinonjs/samsam': 5.1.0
      diff: 4.0.2
      nise: 4.0.4
      supports-color: 7.1.0
    dev: false
    resolution:
      integrity: sha512-IKo9MIM111+smz9JGwLmw5U1075n1YXeAq8YeSFlndCLhAL5KGn6bLgu7b/4AYHTV/LcEMcRm2wU2YiL55/6Pg==
  /sourcemap-codec/1.4.8:
    dev: false
    resolution:
      integrity: sha512-9NykojV5Uih4lgo5So5dtw+f0JgJX30KCNI8gwhz2J9A15wD0Ml6tjHKwf6fTSa6fAdVBdZeNOs9eJ71qCk8vA==
  /space-separated-tokens/1.1.5:
    dev: false
    resolution:
      integrity: sha512-q/JSVd1Lptzhf5bkYm4ob4iWPjx0KiRe3sRFBNrVqbJkFaBm5vbbowy1mymoPNLRa52+oadOhJ+K49wsSeSjTA==
  /supports-color/5.5.0:
    dependencies:
      has-flag: 3.0.0
    dev: false
    engines:
      node: '>=4'
    resolution:
      integrity: sha512-QjVjwdXIt408MIiAqCX4oUKsgU2EqAGzs2Ppkm4aQYbjm+ZEWEcW4SfFNTr4uMNZma0ey4f5lgLrkB0aX0QMow==
  /supports-color/7.1.0:
    dependencies:
      has-flag: 4.0.0
    engines:
      node: '>=8'
    resolution:
      integrity: sha512-oRSIpR8pxT1Wr2FquTNnGet79b3BWljqOuoW/h4oBhxJ/HUbX5nX6JSruTkvXDCFMwDPvsaTTbvMLKZWSy0R5g==
  /tiny-emitter/2.1.0:
    dev: false
    optional: true
    resolution:
      integrity: sha512-NB6Dk1A9xgQPMoGqC5CVXn123gWyte215ONT5Pp5a0yt4nlEoO1ZWeCwpncaekPHXO60i47ihFnZPiRPjRMq4Q==
  /toggle-selection/1.0.6:
    dev: false
    resolution:
      integrity: sha1-bkWxJj8gF/oKzH2J14sVuL932jI=
  /type-detect/4.0.8:
    dev: false
    engines:
      node: '>=4'
    resolution:
      integrity: sha512-0fr/mIH1dlO+x7TlcMy+bIDqKPsw/70tVyeHW787goQjhmqaZe10uwLujubK9q9Lg6Fiho1KUKDYz0Z7k7g5/g==
  /ua-parser-js/0.7.21:
    dev: false
    resolution:
      integrity: sha512-+O8/qh/Qj8CgC6eYBVBykMrNtp5Gebn4dlGD/kKXVkJNDwyrAwSIqwz8CDf+tsAIWVycKcku6gIXJ0qwx/ZXaQ==
  /unescape/1.0.1:
    dependencies:
      extend-shallow: 2.0.1
    dev: false
    engines:
      node: '>=0.10.0'
    resolution:
      integrity: sha512-O0+af1Gs50lyH1nUu3ZyYS1cRh01Q/kUKatTOkSs7jukXE6/NebucDVxyiDsA9AQ4JC1V1jUH9EO8JX2nMDgGQ==
  /unicode-canonical-property-names-ecmascript/1.0.4:
    dev: false
    engines:
      node: '>=4'
    resolution:
      integrity: sha512-jDrNnXWHd4oHiTZnx/ZG7gtUTVp+gCcTTKr8L0HjlwphROEW3+Him+IpvC+xcJEFegapiMZyZe02CyuOnRmbnQ==
  /unicode-match-property-ecmascript/1.0.4:
    dependencies:
      unicode-canonical-property-names-ecmascript: 1.0.4
      unicode-property-aliases-ecmascript: 1.1.0
    dev: false
    engines:
      node: '>=4'
    resolution:
      integrity: sha512-L4Qoh15vTfntsn4P1zqnHulG0LdXgjSO035fEpdtp6YxXhMT51Q6vgM5lYdG/5X3MjS+k/Y9Xw4SFCY9IkR0rg==
  /unicode-match-property-value-ecmascript/1.2.0:
    dev: false
    engines:
      node: '>=4'
    resolution:
      integrity: sha512-wjuQHGQVofmSJv1uVISKLE5zO2rNGzM/KCYZch/QQvez7C1hUhBIuZ701fYXExuufJFMPhv2SyL8CyoIfMLbIQ==
  /unicode-property-aliases-ecmascript/1.1.0:
    dev: false
    engines:
      node: '>=4'
    resolution:
      integrity: sha512-PqSoPh/pWetQ2phoj5RLiaqIk4kCNwoV3CI+LfGmWLKI3rE3kl1h59XpX2BjgDrmbxD9ARtQobPGU1SguCYuQg==
  /use-debounce/3.4.3_react@16.13.1:
    dependencies:
      react: 16.13.1
    dev: false
    peerDependencies:
      react: '>=16.8.0'
    resolution:
      integrity: sha512-nxy+opOxDccWfhMl36J5BSCTpvcj89iaQk2OZWLAtBJQj7ISCtx1gh+rFbdjGfMl6vtCZf6gke/kYvrkVfHMoA==
  /vlq/1.0.1:
    dev: false
    resolution:
      integrity: sha512-gQpnTgkubC6hQgdIcRdYGDSDc+SaujOdyesZQMv6JlfQee/9Mp0Qhnys6WxDWvQnL5WZdT7o2Ul187aSt0Rq+w==
  /whatwg-fetch/3.4.0:
    dev: false
    resolution:
      integrity: sha512-rsum2ulz2iuZH08mJkT0Yi6JnKhwdw4oeyMjokgxd+mmqYSd9cPpOQf01TIWgjxG/U4+QR+AwKq6lSbXVxkyoQ==
  /xtend/4.0.2:
    dev: false
    engines:
      node: '>=0.4'
    resolution:
      integrity: sha512-LKYU1iAXJXUgAXn9URjiu+MWhyUXHsvfp7mcuYm9dSUKK0/CjtrUwFAxD82/mCWbtLsGjFIad0wIsod4zrTAEQ==
